// !$*UTF8*$!
{
	archiveVersion = 1;
	classes = {
	};
	objectVersion = 54;
	objects = {

/* Begin PBXBuildFile section */
		770233152770993900284C07 /* HXHVoiceVC.swift in Sources */ = {isa = PBXBuildFile; fileRef = 770233132770993900284C07 /* HXHVoiceVC.swift */; };
		770233162770993900284C07 /* HXHVoiceVC.xib in Resources */ = {isa = PBXBuildFile; fileRef = 770233142770993900284C07 /* HXHVoiceVC.xib */; };
		7724FA0327740C740067C0F9 /* HXHMenuRouter.swift in Sources */ = {isa = PBXBuildFile; fileRef = 7724FA0227740C740067C0F9 /* HXHMenuRouter.swift */; };
		7724FA0627740F130067C0F9 /* UIApplicationExtension.swift in Sources */ = {isa = PBXBuildFile; fileRef = 7724FA0527740F130067C0F9 /* UIApplicationExtension.swift */; };
		77330CE227168CBC00B56D95 /* HXHNumbers.swift in Sources */ = {isa = PBXBuildFile; fileRef = 77330CE127168CBC00B56D95 /* HXHNumbers.swift */; };
		77420FED26AFDC9B00BAE5E0 /* HXHLoadHtmlVC.swift in Sources */ = {isa = PBXBuildFile; fileRef = 77420FEB26AFDC9B00BAE5E0 /* HXHLoadHtmlVC.swift */; };
		77420FEE26AFDC9B00BAE5E0 /* HXHLoadHtmlVC.xib in Resources */ = {isa = PBXBuildFile; fileRef = 77420FEC26AFDC9B00BAE5E0 /* HXHLoadHtmlVC.xib */; };
		7747D2AE26CE04C400F4B734 /* HXHFMDBManager.swift in Sources */ = {isa = PBXBuildFile; fileRef = 7747D2AD26CE04C400F4B734 /* HXHFMDBManager.swift */; };
		77648FDD2773491300AEC040 /* voice_speech.gif in Resources */ = {isa = PBXBuildFile; fileRef = 77648FDC2773491300AEC040 /* voice_speech.gif */; };
		776A098227119AB300332E60 /* RxSwiftSearchVC.swift in Sources */ = {isa = PBXBuildFile; fileRef = 776A098027119AB300332E60 /* RxSwiftSearchVC.swift */; };
		776A098327119AB300332E60 /* RxSwiftSearchVC.xib in Resources */ = {isa = PBXBuildFile; fileRef = 776A098127119AB300332E60 /* RxSwiftSearchVC.xib */; };
		776A09852711A00500332E60 /* HXHBaseNavigationController.swift in Sources */ = {isa = PBXBuildFile; fileRef = 776A09842711A00500332E60 /* HXHBaseNavigationController.swift */; };
		778484E826D3AF0E0009977D /* TestModelPerformance.swift in Sources */ = {isa = PBXBuildFile; fileRef = 778484E726D3AF0E0009977D /* TestModelPerformance.swift */; };
		77A50B4226AE554F006F6E2D /* AppDelegate.swift in Sources */ = {isa = PBXBuildFile; fileRef = 77A50B4126AE554F006F6E2D /* AppDelegate.swift */; };
		77A50B4B26AE5550006F6E2D /* Assets.xcassets in Resources */ = {isa = PBXBuildFile; fileRef = 77A50B4A26AE5550006F6E2D /* Assets.xcassets */; };
		77A50B4E26AE5550006F6E2D /* LaunchScreen.storyboard in Resources */ = {isa = PBXBuildFile; fileRef = 77A50B4C26AE5550006F6E2D /* LaunchScreen.storyboard */; };
		77A50B5D26AE629A006F6E2D /* TfBindBtnVC.swift in Sources */ = {isa = PBXBuildFile; fileRef = 77A50B5726AE629A006F6E2D /* TfBindBtnVC.swift */; };
		77A50B5E26AE629A006F6E2D /* TfBindBtnVC.xib in Resources */ = {isa = PBXBuildFile; fileRef = 77A50B5826AE629A006F6E2D /* TfBindBtnVC.xib */; };
		77A50B5F26AE629A006F6E2D /* Algorithm.swift in Sources */ = {isa = PBXBuildFile; fileRef = 77A50B5A26AE629A006F6E2D /* Algorithm.swift */; };
		77A50B6026AE629A006F6E2D /* AlgorithmVC.xib in Resources */ = {isa = PBXBuildFile; fileRef = 77A50B5B26AE629A006F6E2D /* AlgorithmVC.xib */; };
		77A50B6126AE629A006F6E2D /* AlgorithmVC.swift in Sources */ = {isa = PBXBuildFile; fileRef = 77A50B5C26AE629A006F6E2D /* AlgorithmVC.swift */; };
		77A50B6626AE62B4006F6E2D /* MainVC.swift in Sources */ = {isa = PBXBuildFile; fileRef = 77A50B6426AE62B4006F6E2D /* MainVC.swift */; };
		77A50B6726AE62B4006F6E2D /* MainVC.xib in Resources */ = {isa = PBXBuildFile; fileRef = 77A50B6526AE62B4006F6E2D /* MainVC.xib */; };
		77E87CE426C7568D00254E81 /* HXHBaseViewController.swift in Sources */ = {isa = PBXBuildFile; fileRef = 77E87CE326C7568C00254E81 /* HXHBaseViewController.swift */; };
		77E87CE726C7579400254E81 /* HXHMultiThreadVC.swift in Sources */ = {isa = PBXBuildFile; fileRef = 77E87CE526C7579400254E81 /* HXHMultiThreadVC.swift */; };
		77E87CE826C7579400254E81 /* HXHMultiThreadVC.xib in Resources */ = {isa = PBXBuildFile; fileRef = 77E87CE626C7579400254E81 /* HXHMultiThreadVC.xib */; };
		77EDFF1127BA20AD00CB0B7D /* HXHAsyncLayerVC.swift in Sources */ = {isa = PBXBuildFile; fileRef = 77EDFF0F27BA20AD00CB0B7D /* HXHAsyncLayerVC.swift */; };
		77EDFF1227BA20AD00CB0B7D /* HXHAsyncLayerVC.xib in Resources */ = {isa = PBXBuildFile; fileRef = 77EDFF1027BA20AD00CB0B7D /* HXHAsyncLayerVC.xib */; };
		A600E0D7277A0FD3009E11B7 /* ListNode.swift in Sources */ = {isa = PBXBuildFile; fileRef = A600E0D6277A0FD3009E11B7 /* ListNode.swift */; };
		A613891927ABB35A0018CE79 /* HXHSet.swift in Sources */ = {isa = PBXBuildFile; fileRef = A613891827ABB3590018CE79 /* HXHSet.swift */; };
		A613891C27ABCD9E0018CE79 /* HXHMap.swift in Sources */ = {isa = PBXBuildFile; fileRef = A613891B27ABCD9E0018CE79 /* HXHMap.swift */; };
		A625DF5928B3DB1800CF3C7D /* HXHSyncTableVC.swift in Sources */ = {isa = PBXBuildFile; fileRef = A625DF5828B3DB1800CF3C7D /* HXHSyncTableVC.swift */; };
		A625DF5B28B3DB5C00CF3C7D /* HXHInCellTableView.swift in Sources */ = {isa = PBXBuildFile; fileRef = A625DF5A28B3DB5C00CF3C7D /* HXHInCellTableView.swift */; };
		A625DF5D28B3DB8E00CF3C7D /* HXHBaseTableView.swift in Sources */ = {isa = PBXBuildFile; fileRef = A625DF5C28B3DB8E00CF3C7D /* HXHBaseTableView.swift */; };
		A625DF5F28B3DBBD00CF3C7D /* HXHScrollTableContext.swift in Sources */ = {isa = PBXBuildFile; fileRef = A625DF5E28B3DBBD00CF3C7D /* HXHScrollTableContext.swift */; };
		A625DF6128B3DF0C00CF3C7D /* HXHScrollSyncCell.swift in Sources */ = {isa = PBXBuildFile; fileRef = A625DF6028B3DF0C00CF3C7D /* HXHScrollSyncCell.swift */; };
		A62A675B274E903600356F37 /* HXHDatabase.swift in Sources */ = {isa = PBXBuildFile; fileRef = A62A675A274E903600356F37 /* HXHDatabase.swift */; };
		A62A675E274E907B00356F37 /* HXHDatabaseVC.swift in Sources */ = {isa = PBXBuildFile; fileRef = A62A675C274E907B00356F37 /* HXHDatabaseVC.swift */; };
		A62A675F274E907B00356F37 /* HXHDatabaseVC.xib in Resources */ = {isa = PBXBuildFile; fileRef = A62A675D274E907B00356F37 /* HXHDatabaseVC.xib */; };
		A62BCD4E279DAAC900CC9DC5 /* HXHBST.swift in Sources */ = {isa = PBXBuildFile; fileRef = A62BCD4D279DAAC900CC9DC5 /* HXHBST.swift */; };
		A668849327AA689200487A0C /* HXHRuntimeTest.m in Sources */ = {isa = PBXBuildFile; fileRef = A668849227AA689200487A0C /* HXHRuntimeTest.m */; };
		A680364527BD57AE009CF64F /* StringExtension.swift in Sources */ = {isa = PBXBuildFile; fileRef = A680364427BD57AE009CF64F /* StringExtension.swift */; };
		A6AA717F27C27BED0004A279 /* Algorithm+Sort.swift in Sources */ = {isa = PBXBuildFile; fileRef = A6AA717E27C27BED0004A279 /* Algorithm+Sort.swift */; };
		A6EAC87C27959CA6005D09FF /* HXHStack.swift in Sources */ = {isa = PBXBuildFile; fileRef = A6EAC87B27959CA6005D09FF /* HXHStack.swift */; };
		A6EAC87F2795B3C0005D09FF /* HXHQueue.swift in Sources */ = {isa = PBXBuildFile; fileRef = A6EAC87E2795B3C0005D09FF /* HXHQueue.swift */; };
		BDBA9A0A6DE36E613046603E /* Pods_HXHSwiftHub.framework in Frameworks */ = {isa = PBXBuildFile; fileRef = AABBC6905D252FF39BEEFBE5 /* Pods_HXHSwiftHub.framework */; };
/* End PBXBuildFile section */

/* Begin PBXFileReference section */
		21C1576BB88FEA4B412D038F /* Pods-HXHSwiftHub.debug.xcconfig */ = {isa = PBXFileReference; includeInIndex = 1; lastKnownFileType = text.xcconfig; name = "Pods-HXHSwiftHub.debug.xcconfig"; path = "Target Support Files/Pods-HXHSwiftHub/Pods-HXHSwiftHub.debug.xcconfig"; sourceTree = "<group>"; };
		230FED86589FAFB3A902022A /* Pods-HXHSwiftHub.release.xcconfig */ = {isa = PBXFileReference; includeInIndex = 1; lastKnownFileType = text.xcconfig; name = "Pods-HXHSwiftHub.release.xcconfig"; path = "Target Support Files/Pods-HXHSwiftHub/Pods-HXHSwiftHub.release.xcconfig"; sourceTree = "<group>"; };
		770233132770993900284C07 /* HXHVoiceVC.swift */ = {isa = PBXFileReference; lastKnownFileType = sourcecode.swift; path = HXHVoiceVC.swift; sourceTree = "<group>"; };
		770233142770993900284C07 /* HXHVoiceVC.xib */ = {isa = PBXFileReference; lastKnownFileType = file.xib; path = HXHVoiceVC.xib; sourceTree = "<group>"; };
		7724FA0227740C740067C0F9 /* HXHMenuRouter.swift */ = {isa = PBXFileReference; lastKnownFileType = sourcecode.swift; path = HXHMenuRouter.swift; sourceTree = "<group>"; };
		7724FA0527740F130067C0F9 /* UIApplicationExtension.swift */ = {isa = PBXFileReference; lastKnownFileType = sourcecode.swift; path = UIApplicationExtension.swift; sourceTree = "<group>"; };
		77330CE127168CBC00B56D95 /* HXHNumbers.swift */ = {isa = PBXFileReference; lastKnownFileType = sourcecode.swift; path = HXHNumbers.swift; sourceTree = "<group>"; };
		77420FEB26AFDC9B00BAE5E0 /* HXHLoadHtmlVC.swift */ = {isa = PBXFileReference; lastKnownFileType = sourcecode.swift; path = HXHLoadHtmlVC.swift; sourceTree = "<group>"; };
		77420FEC26AFDC9B00BAE5E0 /* HXHLoadHtmlVC.xib */ = {isa = PBXFileReference; lastKnownFileType = file.xib; path = HXHLoadHtmlVC.xib; sourceTree = "<group>"; };
		7747D2AD26CE04C400F4B734 /* HXHFMDBManager.swift */ = {isa = PBXFileReference; lastKnownFileType = sourcecode.swift; path = HXHFMDBManager.swift; sourceTree = "<group>"; };
		77648FDC2773491300AEC040 /* voice_speech.gif */ = {isa = PBXFileReference; lastKnownFileType = image.gif; path = voice_speech.gif; sourceTree = "<group>"; };
		776A098027119AB300332E60 /* RxSwiftSearchVC.swift */ = {isa = PBXFileReference; lastKnownFileType = sourcecode.swift; path = RxSwiftSearchVC.swift; sourceTree = "<group>"; };
		776A098127119AB300332E60 /* RxSwiftSearchVC.xib */ = {isa = PBXFileReference; lastKnownFileType = file.xib; path = RxSwiftSearchVC.xib; sourceTree = "<group>"; };
		776A09842711A00500332E60 /* HXHBaseNavigationController.swift */ = {isa = PBXFileReference; lastKnownFileType = sourcecode.swift; path = HXHBaseNavigationController.swift; sourceTree = "<group>"; };
		778484E726D3AF0E0009977D /* TestModelPerformance.swift */ = {isa = PBXFileReference; lastKnownFileType = sourcecode.swift; path = TestModelPerformance.swift; sourceTree = "<group>"; };
		77A50B3E26AE554F006F6E2D /* HXHSwiftHub.app */ = {isa = PBXFileReference; explicitFileType = wrapper.application; includeInIndex = 0; path = HXHSwiftHub.app; sourceTree = BUILT_PRODUCTS_DIR; };
		77A50B4126AE554F006F6E2D /* AppDelegate.swift */ = {isa = PBXFileReference; lastKnownFileType = sourcecode.swift; path = AppDelegate.swift; sourceTree = "<group>"; };
		77A50B4A26AE5550006F6E2D /* Assets.xcassets */ = {isa = PBXFileReference; lastKnownFileType = folder.assetcatalog; path = Assets.xcassets; sourceTree = "<group>"; };
		77A50B4D26AE5550006F6E2D /* Base */ = {isa = PBXFileReference; lastKnownFileType = file.storyboard; name = Base; path = Base.lproj/LaunchScreen.storyboard; sourceTree = "<group>"; };
		77A50B4F26AE5550006F6E2D /* Info.plist */ = {isa = PBXFileReference; lastKnownFileType = text.plist.xml; path = Info.plist; sourceTree = "<group>"; };
		77A50B5726AE629A006F6E2D /* TfBindBtnVC.swift */ = {isa = PBXFileReference; fileEncoding = 4; lastKnownFileType = sourcecode.swift; path = TfBindBtnVC.swift; sourceTree = "<group>"; };
		77A50B5826AE629A006F6E2D /* TfBindBtnVC.xib */ = {isa = PBXFileReference; fileEncoding = 4; lastKnownFileType = file.xib; path = TfBindBtnVC.xib; sourceTree = "<group>"; };
		77A50B5A26AE629A006F6E2D /* Algorithm.swift */ = {isa = PBXFileReference; fileEncoding = 4; lastKnownFileType = sourcecode.swift; path = Algorithm.swift; sourceTree = "<group>"; };
		77A50B5B26AE629A006F6E2D /* AlgorithmVC.xib */ = {isa = PBXFileReference; fileEncoding = 4; lastKnownFileType = file.xib; path = AlgorithmVC.xib; sourceTree = "<group>"; };
		77A50B5C26AE629A006F6E2D /* AlgorithmVC.swift */ = {isa = PBXFileReference; fileEncoding = 4; lastKnownFileType = sourcecode.swift; path = AlgorithmVC.swift; sourceTree = "<group>"; };
		77A50B6426AE62B4006F6E2D /* MainVC.swift */ = {isa = PBXFileReference; fileEncoding = 4; lastKnownFileType = sourcecode.swift; path = MainVC.swift; sourceTree = "<group>"; };
		77A50B6526AE62B4006F6E2D /* MainVC.xib */ = {isa = PBXFileReference; fileEncoding = 4; lastKnownFileType = file.xib; path = MainVC.xib; sourceTree = "<group>"; };
		77E87CE326C7568C00254E81 /* HXHBaseViewController.swift */ = {isa = PBXFileReference; lastKnownFileType = sourcecode.swift; path = HXHBaseViewController.swift; sourceTree = "<group>"; };
		77E87CE526C7579400254E81 /* HXHMultiThreadVC.swift */ = {isa = PBXFileReference; lastKnownFileType = sourcecode.swift; path = HXHMultiThreadVC.swift; sourceTree = "<group>"; };
		77E87CE626C7579400254E81 /* HXHMultiThreadVC.xib */ = {isa = PBXFileReference; lastKnownFileType = file.xib; path = HXHMultiThreadVC.xib; sourceTree = "<group>"; };
		77EDFF0F27BA20AD00CB0B7D /* HXHAsyncLayerVC.swift */ = {isa = PBXFileReference; lastKnownFileType = sourcecode.swift; path = HXHAsyncLayerVC.swift; sourceTree = "<group>"; };
		77EDFF1027BA20AD00CB0B7D /* HXHAsyncLayerVC.xib */ = {isa = PBXFileReference; lastKnownFileType = file.xib; path = HXHAsyncLayerVC.xib; sourceTree = "<group>"; };
		A600E0D6277A0FD3009E11B7 /* ListNode.swift */ = {isa = PBXFileReference; lastKnownFileType = sourcecode.swift; path = ListNode.swift; sourceTree = "<group>"; };
		A613891827ABB3590018CE79 /* HXHSet.swift */ = {isa = PBXFileReference; lastKnownFileType = sourcecode.swift; path = HXHSet.swift; sourceTree = "<group>"; };
		A613891B27ABCD9E0018CE79 /* HXHMap.swift */ = {isa = PBXFileReference; lastKnownFileType = sourcecode.swift; path = HXHMap.swift; sourceTree = "<group>"; };
		A625DF5828B3DB1800CF3C7D /* HXHSyncTableVC.swift */ = {isa = PBXFileReference; lastKnownFileType = sourcecode.swift; path = HXHSyncTableVC.swift; sourceTree = "<group>"; };
		A625DF5A28B3DB5C00CF3C7D /* HXHInCellTableView.swift */ = {isa = PBXFileReference; lastKnownFileType = sourcecode.swift; path = HXHInCellTableView.swift; sourceTree = "<group>"; };
		A625DF5C28B3DB8E00CF3C7D /* HXHBaseTableView.swift */ = {isa = PBXFileReference; lastKnownFileType = sourcecode.swift; path = HXHBaseTableView.swift; sourceTree = "<group>"; };
		A625DF5E28B3DBBD00CF3C7D /* HXHScrollTableContext.swift */ = {isa = PBXFileReference; lastKnownFileType = sourcecode.swift; path = HXHScrollTableContext.swift; sourceTree = "<group>"; };
		A625DF6028B3DF0C00CF3C7D /* HXHScrollSyncCell.swift */ = {isa = PBXFileReference; lastKnownFileType = sourcecode.swift; path = HXHScrollSyncCell.swift; sourceTree = "<group>"; };
		A62A675A274E903600356F37 /* HXHDatabase.swift */ = {isa = PBXFileReference; lastKnownFileType = sourcecode.swift; path = HXHDatabase.swift; sourceTree = "<group>"; };
		A62A675C274E907B00356F37 /* HXHDatabaseVC.swift */ = {isa = PBXFileReference; lastKnownFileType = sourcecode.swift; path = HXHDatabaseVC.swift; sourceTree = "<group>"; };
		A62A675D274E907B00356F37 /* HXHDatabaseVC.xib */ = {isa = PBXFileReference; lastKnownFileType = file.xib; path = HXHDatabaseVC.xib; sourceTree = "<group>"; };
		A62BCD4D279DAAC900CC9DC5 /* HXHBST.swift */ = {isa = PBXFileReference; lastKnownFileType = sourcecode.swift; path = HXHBST.swift; sourceTree = "<group>"; };
		A668849027AA689100487A0C /* HXHSwiftHub-Bridging-Header.h */ = {isa = PBXFileReference; lastKnownFileType = sourcecode.c.h; path = "HXHSwiftHub-Bridging-Header.h"; sourceTree = "<group>"; };
		A668849127AA689200487A0C /* HXHRuntimeTest.h */ = {isa = PBXFileReference; lastKnownFileType = sourcecode.c.h; path = HXHRuntimeTest.h; sourceTree = "<group>"; };
		A668849227AA689200487A0C /* HXHRuntimeTest.m */ = {isa = PBXFileReference; lastKnownFileType = sourcecode.c.objc; path = HXHRuntimeTest.m; sourceTree = "<group>"; };
		A680364427BD57AE009CF64F /* StringExtension.swift */ = {isa = PBXFileReference; lastKnownFileType = sourcecode.swift; path = StringExtension.swift; sourceTree = "<group>"; };
		A6AA717E27C27BED0004A279 /* Algorithm+Sort.swift */ = {isa = PBXFileReference; lastKnownFileType = sourcecode.swift; path = "Algorithm+Sort.swift"; sourceTree = "<group>"; };
		A6EAC87B27959CA6005D09FF /* HXHStack.swift */ = {isa = PBXFileReference; lastKnownFileType = sourcecode.swift; path = HXHStack.swift; sourceTree = "<group>"; };
		A6EAC87E2795B3C0005D09FF /* HXHQueue.swift */ = {isa = PBXFileReference; lastKnownFileType = sourcecode.swift; path = HXHQueue.swift; sourceTree = "<group>"; };
		AABBC6905D252FF39BEEFBE5 /* Pods_HXHSwiftHub.framework */ = {isa = PBXFileReference; explicitFileType = wrapper.framework; includeInIndex = 0; path = Pods_HXHSwiftHub.framework; sourceTree = BUILT_PRODUCTS_DIR; };
/* End PBXFileReference section */

/* Begin PBXFrameworksBuildPhase section */
		77A50B3B26AE554F006F6E2D /* Frameworks */ = {
			isa = PBXFrameworksBuildPhase;
			buildActionMask = 2147483647;
			files = (
				BDBA9A0A6DE36E613046603E /* Pods_HXHSwiftHub.framework in Frameworks */,
			);
			runOnlyForDeploymentPostprocessing = 0;
		};
/* End PBXFrameworksBuildPhase section */

/* Begin PBXGroup section */
		00FB64C0135B72D51BB837EB /* Pods */ = {
			isa = PBXGroup;
			children = (
				21C1576BB88FEA4B412D038F /* Pods-HXHSwiftHub.debug.xcconfig */,
				230FED86589FAFB3A902022A /* Pods-HXHSwiftHub.release.xcconfig */,
			);
			path = Pods;
			sourceTree = "<group>";
		};
		0530F95C19CE36F36D4A90FE /* Frameworks */ = {
			isa = PBXGroup;
			children = (
				AABBC6905D252FF39BEEFBE5 /* Pods_HXHSwiftHub.framework */,
			);
			name = Frameworks;
			sourceTree = "<group>";
		};
		77023312277098DB00284C07 /* Voice */ = {
			isa = PBXGroup;
			children = (
				77648FDB277348CE00AEC040 /* Resource */,
				770233132770993900284C07 /* HXHVoiceVC.swift */,
				770233142770993900284C07 /* HXHVoiceVC.xib */,
			);
			path = Voice;
			sourceTree = "<group>";
		};
		7724FA0127740C4C0067C0F9 /* MenuRouter */ = {
			isa = PBXGroup;
			children = (
				7724FA0227740C740067C0F9 /* HXHMenuRouter.swift */,
			);
			path = MenuRouter;
			sourceTree = "<group>";
		};
		7724FA0427740EF40067C0F9 /* Extension */ = {
			isa = PBXGroup;
			children = (
				7724FA0527740F130067C0F9 /* UIApplicationExtension.swift */,
				A680364427BD57AE009CF64F /* StringExtension.swift */,
			);
			path = Extension;
			sourceTree = "<group>";
		};
		77330CE027168CA600B56D95 /* Number */ = {
			isa = PBXGroup;
			children = (
				77330CE127168CBC00B56D95 /* HXHNumbers.swift */,
			);
			path = Number;
			sourceTree = "<group>";
		};
		77420FEA26AFDBD300BAE5E0 /* LoadHtml */ = {
			isa = PBXGroup;
			children = (
				77420FEB26AFDC9B00BAE5E0 /* HXHLoadHtmlVC.swift */,
				77420FEC26AFDC9B00BAE5E0 /* HXHLoadHtmlVC.xib */,
			);
			path = LoadHtml;
			sourceTree = "<group>";
		};
		77648FDB277348CE00AEC040 /* Resource */ = {
			isa = PBXGroup;
			children = (
				77648FDC2773491300AEC040 /* voice_speech.gif */,
			);
			path = Resource;
			sourceTree = "<group>";
		};
		776A097F27119A4A00332E60 /* SubModules */ = {
			isa = PBXGroup;
			children = (
				776A098027119AB300332E60 /* RxSwiftSearchVC.swift */,
				776A098127119AB300332E60 /* RxSwiftSearchVC.xib */,
			);
			path = SubModules;
			sourceTree = "<group>";
		};
		778484E626D3AEE20009977D /* TestModelPerformance */ = {
			isa = PBXGroup;
			children = (
				778484E726D3AF0E0009977D /* TestModelPerformance.swift */,
			);
			path = TestModelPerformance;
			sourceTree = "<group>";
		};
		77A50B3526AE554F006F6E2D = {
			isa = PBXGroup;
			children = (
				77A50B4026AE554F006F6E2D /* HXHSwiftHub */,
				77A50B3F26AE554F006F6E2D /* Products */,
				00FB64C0135B72D51BB837EB /* Pods */,
				0530F95C19CE36F36D4A90FE /* Frameworks */,
			);
			sourceTree = "<group>";
		};
		77A50B3F26AE554F006F6E2D /* Products */ = {
			isa = PBXGroup;
			children = (
				77A50B3E26AE554F006F6E2D /* HXHSwiftHub.app */,
			);
			name = Products;
			sourceTree = "<group>";
		};
		77A50B4026AE554F006F6E2D /* HXHSwiftHub */ = {
			isa = PBXGroup;
			children = (
				77A50B4126AE554F006F6E2D /* AppDelegate.swift */,
				77A50B6426AE62B4006F6E2D /* MainVC.swift */,
				77A50B6526AE62B4006F6E2D /* MainVC.xib */,
				77A50B6226AE62A5006F6E2D /* Utils */,
				77A50B5526AE629A006F6E2D /* Modules */,
				77A50B4A26AE5550006F6E2D /* Assets.xcassets */,
				77A50B4C26AE5550006F6E2D /* LaunchScreen.storyboard */,
				77A50B4F26AE5550006F6E2D /* Info.plist */,
			);
			path = HXHSwiftHub;
			sourceTree = "<group>";
		};
		77A50B5526AE629A006F6E2D /* Modules */ = {
			isa = PBXGroup;
			children = (
				A625DF5728B3D9DC00CF3C7D /* UIDemo */,
				77EDFF0E27BA207200CB0B7D /* AsyncLayer */,
				A668848F27AA685400487A0C /* OCTestRuntimeCode */,
				7724FA0127740C4C0067C0F9 /* MenuRouter */,
				77023312277098DB00284C07 /* Voice */,
				A62A6759274E901700356F37 /* Database */,
				778484E626D3AEE20009977D /* TestModelPerformance */,
				77E87CE126C7564600254E81 /* MultiThread */,
				77420FEA26AFDBD300BAE5E0 /* LoadHtml */,
				77A50B5626AE629A006F6E2D /* RxSwift */,
				77A50B5926AE629A006F6E2D /* AlgorithmVC */,
			);
			path = Modules;
			sourceTree = "<group>";
		};
		77A50B5626AE629A006F6E2D /* RxSwift */ = {
			isa = PBXGroup;
			children = (
				77A50B5726AE629A006F6E2D /* TfBindBtnVC.swift */,
				77A50B5826AE629A006F6E2D /* TfBindBtnVC.xib */,
				776A097F27119A4A00332E60 /* SubModules */,
			);
			path = RxSwift;
			sourceTree = "<group>";
		};
		77A50B5926AE629A006F6E2D /* AlgorithmVC */ = {
			isa = PBXGroup;
			children = (
				A613891D27ABE3680018CE79 /* HashMap */,
				A613891A27ABCD900018CE79 /* Map */,
				A613891727ABB3430018CE79 /* Set */,
				A6AA82A4279B0C2000C68909 /* Tree */,
				A6EAC87D2795B3B2005D09FF /* Queue */,
				A6EAC87A27959C73005D09FF /* Stack */,
				A600E0D5277A0FB7009E11B7 /* ListNode */,
				77A50B5A26AE629A006F6E2D /* Algorithm.swift */,
				A6AA717E27C27BED0004A279 /* Algorithm+Sort.swift */,
				77A50B5B26AE629A006F6E2D /* AlgorithmVC.xib */,
				77A50B5C26AE629A006F6E2D /* AlgorithmVC.swift */,
			);
			path = AlgorithmVC;
			sourceTree = "<group>";
		};
		77A50B6226AE62A5006F6E2D /* Utils */ = {
			isa = PBXGroup;
			children = (
				7724FA0427740EF40067C0F9 /* Extension */,
				77330CE027168CA600B56D95 /* Number */,
				77E87CE226C7567300254E81 /* Base */,
				77A50B6326AE62A5006F6E2D /* DB */,
			);
			path = Utils;
			sourceTree = "<group>";
		};
		77A50B6326AE62A5006F6E2D /* DB */ = {
			isa = PBXGroup;
			children = (
				7747D2AD26CE04C400F4B734 /* HXHFMDBManager.swift */,
			);
			path = DB;
			sourceTree = "<group>";
		};
		77E87CE126C7564600254E81 /* MultiThread */ = {
			isa = PBXGroup;
			children = (
				77E87CE526C7579400254E81 /* HXHMultiThreadVC.swift */,
				77E87CE626C7579400254E81 /* HXHMultiThreadVC.xib */,
			);
			path = MultiThread;
			sourceTree = "<group>";
		};
		77E87CE226C7567300254E81 /* Base */ = {
			isa = PBXGroup;
			children = (
				77E87CE326C7568C00254E81 /* HXHBaseViewController.swift */,
				776A09842711A00500332E60 /* HXHBaseNavigationController.swift */,
			);
			path = Base;
			sourceTree = "<group>";
		};
		77EDFF0E27BA207200CB0B7D /* AsyncLayer */ = {
			isa = PBXGroup;
			children = (
				77EDFF0F27BA20AD00CB0B7D /* HXHAsyncLayerVC.swift */,
				77EDFF1027BA20AD00CB0B7D /* HXHAsyncLayerVC.xib */,
			);
			path = AsyncLayer;
			sourceTree = "<group>";
		};
		A600E0D5277A0FB7009E11B7 /* ListNode */ = {
			isa = PBXGroup;
			children = (
				A600E0D6277A0FD3009E11B7 /* ListNode.swift */,
			);
			path = ListNode;
			sourceTree = "<group>";
		};
		A613891727ABB3430018CE79 /* Set */ = {
			isa = PBXGroup;
			children = (
				A613891827ABB3590018CE79 /* HXHSet.swift */,
			);
			path = Set;
			sourceTree = "<group>";
		};
		A613891A27ABCD900018CE79 /* Map */ = {
			isa = PBXGroup;
			children = (
				A613891B27ABCD9E0018CE79 /* HXHMap.swift */,
			);
			path = Map;
			sourceTree = "<group>";
		};
		A613891D27ABE3680018CE79 /* HashMap */ = {
			isa = PBXGroup;
			children = (
			);
			path = HashMap;
			sourceTree = "<group>";
		};
		A625DF5728B3D9DC00CF3C7D /* UIDemo */ = {
			isa = PBXGroup;
			children = (
				A625DF5828B3DB1800CF3C7D /* HXHSyncTableVC.swift */,
				A625DF5A28B3DB5C00CF3C7D /* HXHInCellTableView.swift */,
				A625DF5C28B3DB8E00CF3C7D /* HXHBaseTableView.swift */,
				A625DF5E28B3DBBD00CF3C7D /* HXHScrollTableContext.swift */,
				A625DF6028B3DF0C00CF3C7D /* HXHScrollSyncCell.swift */,
			);
			path = UIDemo;
			sourceTree = "<group>";
		};
		A62A6759274E901700356F37 /* Database */ = {
			isa = PBXGroup;
			children = (
				A62A675A274E903600356F37 /* HXHDatabase.swift */,
				A62A675C274E907B00356F37 /* HXHDatabaseVC.swift */,
				A62A675D274E907B00356F37 /* HXHDatabaseVC.xib */,
			);
			path = Database;
			sourceTree = "<group>";
		};
		A668848F27AA685400487A0C /* OCTestRuntimeCode */ = {
			isa = PBXGroup;
			children = (
				A668849127AA689200487A0C /* HXHRuntimeTest.h */,
				A668849227AA689200487A0C /* HXHRuntimeTest.m */,
				A668849027AA689100487A0C /* HXHSwiftHub-Bridging-Header.h */,
			);
			path = OCTestRuntimeCode;
			sourceTree = "<group>";
		};
		A6AA82A4279B0C2000C68909 /* Tree */ = {
			isa = PBXGroup;
			children = (
				A62BCD4D279DAAC900CC9DC5 /* HXHBST.swift */,
			);
			path = Tree;
			sourceTree = "<group>";
		};
		A6EAC87A27959C73005D09FF /* Stack */ = {
			isa = PBXGroup;
			children = (
				A6EAC87B27959CA6005D09FF /* HXHStack.swift */,
			);
			path = Stack;
			sourceTree = "<group>";
		};
		A6EAC87D2795B3B2005D09FF /* Queue */ = {
			isa = PBXGroup;
			children = (
				A6EAC87E2795B3C0005D09FF /* HXHQueue.swift */,
			);
			path = Queue;
			sourceTree = "<group>";
		};
/* End PBXGroup section */

/* Begin PBXNativeTarget section */
		77A50B3D26AE554F006F6E2D /* HXHSwiftHub */ = {
			isa = PBXNativeTarget;
			buildConfigurationList = 77A50B5226AE5550006F6E2D /* Build configuration list for PBXNativeTarget "HXHSwiftHub" */;
			buildPhases = (
				97702A05763209547A732266 /* [CP] Check Pods Manifest.lock */,
				77A50B3A26AE554F006F6E2D /* Sources */,
				77A50B3B26AE554F006F6E2D /* Frameworks */,
				77A50B3C26AE554F006F6E2D /* Resources */,
				C186675085D4EC0349E9A065 /* [CP] Embed Pods Frameworks */,
			);
			buildRules = (
			);
			dependencies = (
			);
			name = HXHSwiftHub;
			productName = HXHSwiftHub;
			productReference = 77A50B3E26AE554F006F6E2D /* HXHSwiftHub.app */;
			productType = "com.apple.product-type.application";
		};
/* End PBXNativeTarget section */

/* Begin PBXProject section */
		77A50B3626AE554F006F6E2D /* Project object */ = {
			isa = PBXProject;
			attributes = {
				LastSwiftUpdateCheck = 1250;
				LastUpgradeCheck = 1250;
				TargetAttributes = {
					77A50B3D26AE554F006F6E2D = {
						CreatedOnToolsVersion = 12.5.1;
						LastSwiftMigration = 1320;
					};
				};
			};
			buildConfigurationList = 77A50B3926AE554F006F6E2D /* Build configuration list for PBXProject "HXHSwiftHub" */;
			compatibilityVersion = "Xcode 12.0";
			developmentRegion = en;
			hasScannedForEncodings = 0;
			knownRegions = (
				en,
				Base,
			);
			mainGroup = 77A50B3526AE554F006F6E2D;
			productRefGroup = 77A50B3F26AE554F006F6E2D /* Products */;
			projectDirPath = "";
			projectRoot = "";
			targets = (
				77A50B3D26AE554F006F6E2D /* HXHSwiftHub */,
			);
		};
/* End PBXProject section */

/* Begin PBXResourcesBuildPhase section */
		77A50B3C26AE554F006F6E2D /* Resources */ = {
			isa = PBXResourcesBuildPhase;
			buildActionMask = 2147483647;
			files = (
				77EDFF1227BA20AD00CB0B7D /* HXHAsyncLayerVC.xib in Resources */,
				A62A675F274E907B00356F37 /* HXHDatabaseVC.xib in Resources */,
				77A50B6726AE62B4006F6E2D /* MainVC.xib in Resources */,
				77A50B6026AE629A006F6E2D /* AlgorithmVC.xib in Resources */,
				776A098327119AB300332E60 /* RxSwiftSearchVC.xib in Resources */,
				77A50B4E26AE5550006F6E2D /* LaunchScreen.storyboard in Resources */,
				77648FDD2773491300AEC040 /* voice_speech.gif in Resources */,
				77E87CE826C7579400254E81 /* HXHMultiThreadVC.xib in Resources */,
				77A50B4B26AE5550006F6E2D /* Assets.xcassets in Resources */,
				77420FEE26AFDC9B00BAE5E0 /* HXHLoadHtmlVC.xib in Resources */,
				770233162770993900284C07 /* HXHVoiceVC.xib in Resources */,
				77A50B5E26AE629A006F6E2D /* TfBindBtnVC.xib in Resources */,
			);
			runOnlyForDeploymentPostprocessing = 0;
		};
/* End PBXResourcesBuildPhase section */

/* Begin PBXShellScriptBuildPhase section */
		97702A05763209547A732266 /* [CP] Check Pods Manifest.lock */ = {
			isa = PBXShellScriptBuildPhase;
			buildActionMask = 2147483647;
			files = (
			);
			inputFileListPaths = (
			);
			inputPaths = (
				"${PODS_PODFILE_DIR_PATH}/Podfile.lock",
				"${PODS_ROOT}/Manifest.lock",
			);
			name = "[CP] Check Pods Manifest.lock";
			outputFileListPaths = (
			);
			outputPaths = (
				"$(DERIVED_FILE_DIR)/Pods-HXHSwiftHub-checkManifestLockResult.txt",
			);
			runOnlyForDeploymentPostprocessing = 0;
			shellPath = /bin/sh;
			shellScript = "diff \"${PODS_PODFILE_DIR_PATH}/Podfile.lock\" \"${PODS_ROOT}/Manifest.lock\" > /dev/null\nif [ $? != 0 ] ; then\n    # print error to STDERR\n    echo \"error: The sandbox is not in sync with the Podfile.lock. Run 'pod install' or update your CocoaPods installation.\" >&2\n    exit 1\nfi\n# This output is used by Xcode 'outputs' to avoid re-running this script phase.\necho \"SUCCESS\" > \"${SCRIPT_OUTPUT_FILE_0}\"\n";
			showEnvVarsInLog = 0;
		};
		C186675085D4EC0349E9A065 /* [CP] Embed Pods Frameworks */ = {
			isa = PBXShellScriptBuildPhase;
			buildActionMask = 2147483647;
			files = (
			);
			inputFileListPaths = (
				"${PODS_ROOT}/Target Support Files/Pods-HXHSwiftHub/Pods-HXHSwiftHub-frameworks-${CONFIGURATION}-input-files.xcfilelist",
			);
			name = "[CP] Embed Pods Frameworks";
			outputFileListPaths = (
				"${PODS_ROOT}/Target Support Files/Pods-HXHSwiftHub/Pods-HXHSwiftHub-frameworks-${CONFIGURATION}-output-files.xcfilelist",
			);
			runOnlyForDeploymentPostprocessing = 0;
			shellPath = /bin/sh;
			shellScript = "\"${PODS_ROOT}/Target Support Files/Pods-HXHSwiftHub/Pods-HXHSwiftHub-frameworks.sh\"\n";
			showEnvVarsInLog = 0;
		};
/* End PBXShellScriptBuildPhase section */

/* Begin PBXSourcesBuildPhase section */
		77A50B3A26AE554F006F6E2D /* Sources */ = {
			isa = PBXSourcesBuildPhase;
			buildActionMask = 2147483647;
			files = (
				A62A675E274E907B00356F37 /* HXHDatabaseVC.swift in Sources */,
				A613891C27ABCD9E0018CE79 /* HXHMap.swift in Sources */,
				778484E826D3AF0E0009977D /* TestModelPerformance.swift in Sources */,
				A625DF6128B3DF0C00CF3C7D /* HXHScrollSyncCell.swift in Sources */,
				7747D2AE26CE04C400F4B734 /* HXHFMDBManager.swift in Sources */,
				77A50B6126AE629A006F6E2D /* AlgorithmVC.swift in Sources */,
				A625DF5B28B3DB5C00CF3C7D /* HXHInCellTableView.swift in Sources */,
				A625DF5928B3DB1800CF3C7D /* HXHSyncTableVC.swift in Sources */,
				A680364527BD57AE009CF64F /* StringExtension.swift in Sources */,
				77330CE227168CBC00B56D95 /* HXHNumbers.swift in Sources */,
				77A50B6626AE62B4006F6E2D /* MainVC.swift in Sources */,
				77E87CE426C7568D00254E81 /* HXHBaseViewController.swift in Sources */,
				A668849327AA689200487A0C /* HXHRuntimeTest.m in Sources */,
				776A098227119AB300332E60 /* RxSwiftSearchVC.swift in Sources */,
				776A09852711A00500332E60 /* HXHBaseNavigationController.swift in Sources */,
				A625DF5D28B3DB8E00CF3C7D /* HXHBaseTableView.swift in Sources */,
				A600E0D7277A0FD3009E11B7 /* ListNode.swift in Sources */,
				77A50B5D26AE629A006F6E2D /* TfBindBtnVC.swift in Sources */,
				A613891927ABB35A0018CE79 /* HXHSet.swift in Sources */,
				A62A675B274E903600356F37 /* HXHDatabase.swift in Sources */,
				A6EAC87F2795B3C0005D09FF /* HXHQueue.swift in Sources */,
				A6AA717F27C27BED0004A279 /* Algorithm+Sort.swift in Sources */,
				77A50B5F26AE629A006F6E2D /* Algorithm.swift in Sources */,
				77E87CE726C7579400254E81 /* HXHMultiThreadVC.swift in Sources */,
				77420FED26AFDC9B00BAE5E0 /* HXHLoadHtmlVC.swift in Sources */,
				A62BCD4E279DAAC900CC9DC5 /* HXHBST.swift in Sources */,
				A6EAC87C27959CA6005D09FF /* HXHStack.swift in Sources */,
				A625DF5F28B3DBBD00CF3C7D /* HXHScrollTableContext.swift in Sources */,
				7724FA0627740F130067C0F9 /* UIApplicationExtension.swift in Sources */,
				77EDFF1127BA20AD00CB0B7D /* HXHAsyncLayerVC.swift in Sources */,
				7724FA0327740C740067C0F9 /* HXHMenuRouter.swift in Sources */,
				77A50B4226AE554F006F6E2D /* AppDelegate.swift in Sources */,
				770233152770993900284C07 /* HXHVoiceVC.swift in Sources */,
			);
			runOnlyForDeploymentPostprocessing = 0;
		};
/* End PBXSourcesBuildPhase section */

/* Begin PBXVariantGroup section */
		77A50B4C26AE5550006F6E2D /* LaunchScreen.storyboard */ = {
			isa = PBXVariantGroup;
			children = (
				77A50B4D26AE5550006F6E2D /* Base */,
			);
			name = LaunchScreen.storyboard;
			sourceTree = "<group>";
		};
/* End PBXVariantGroup section */

/* Begin XCBuildConfiguration section */
		77A50B5026AE5550006F6E2D /* Debug */ = {
			isa = XCBuildConfiguration;
			buildSettings = {
				ALWAYS_SEARCH_USER_PATHS = NO;
				CLANG_ANALYZER_NONNULL = YES;
				CLANG_ANALYZER_NUMBER_OBJECT_CONVERSION = YES_AGGRESSIVE;
				CLANG_CXX_LANGUAGE_STANDARD = "gnu++14";
				CLANG_CXX_LIBRARY = "libc++";
				CLANG_ENABLE_MODULES = YES;
				CLANG_ENABLE_OBJC_ARC = YES;
				CLANG_ENABLE_OBJC_WEAK = YES;
				CLANG_WARN_BLOCK_CAPTURE_AUTORELEASING = YES;
				CLANG_WARN_BOOL_CONVERSION = YES;
				CLANG_WARN_COMMA = YES;
				CLANG_WARN_CONSTANT_CONVERSION = YES;
				CLANG_WARN_DEPRECATED_OBJC_IMPLEMENTATIONS = YES;
				CLANG_WARN_DIRECT_OBJC_ISA_USAGE = YES_ERROR;
				CLANG_WARN_DOCUMENTATION_COMMENTS = YES;
				CLANG_WARN_EMPTY_BODY = YES;
				CLANG_WARN_ENUM_CONVERSION = YES;
				CLANG_WARN_INFINITE_RECURSION = YES;
				CLANG_WARN_INT_CONVERSION = YES;
				CLANG_WARN_NON_LITERAL_NULL_CONVERSION = YES;
				CLANG_WARN_OBJC_IMPLICIT_RETAIN_SELF = YES;
				CLANG_WARN_OBJC_LITERAL_CONVERSION = YES;
				CLANG_WARN_OBJC_ROOT_CLASS = YES_ERROR;
				CLANG_WARN_QUOTED_INCLUDE_IN_FRAMEWORK_HEADER = YES;
				CLANG_WARN_RANGE_LOOP_ANALYSIS = YES;
				CLANG_WARN_STRICT_PROTOTYPES = YES;
				CLANG_WARN_SUSPICIOUS_MOVE = YES;
				CLANG_WARN_UNGUARDED_AVAILABILITY = YES_AGGRESSIVE;
				CLANG_WARN_UNREACHABLE_CODE = YES;
				CLANG_WARN__DUPLICATE_METHOD_MATCH = YES;
				COPY_PHASE_STRIP = NO;
				DEBUG_INFORMATION_FORMAT = dwarf;
				ENABLE_STRICT_OBJC_MSGSEND = YES;
				ENABLE_TESTABILITY = YES;
				GCC_C_LANGUAGE_STANDARD = gnu11;
				GCC_DYNAMIC_NO_PIC = NO;
				GCC_NO_COMMON_BLOCKS = YES;
				GCC_OPTIMIZATION_LEVEL = 0;
				GCC_PREPROCESSOR_DEFINITIONS = (
					"DEBUG=1",
					"$(inherited)",
				);
				GCC_WARN_64_TO_32_BIT_CONVERSION = YES;
				GCC_WARN_ABOUT_RETURN_TYPE = YES_ERROR;
				GCC_WARN_UNDECLARED_SELECTOR = YES;
				GCC_WARN_UNINITIALIZED_AUTOS = YES_AGGRESSIVE;
				GCC_WARN_UNUSED_FUNCTION = YES;
				GCC_WARN_UNUSED_VARIABLE = YES;
				IPHONEOS_DEPLOYMENT_TARGET = 12.0;
				MTL_ENABLE_DEBUG_INFO = INCLUDE_SOURCE;
				MTL_FAST_MATH = YES;
				ONLY_ACTIVE_ARCH = YES;
				SDKROOT = iphoneos;
				SWIFT_ACTIVE_COMPILATION_CONDITIONS = DEBUG;
				SWIFT_OPTIMIZATION_LEVEL = "-Onone";
			};
			name = Debug;
		};
		77A50B5126AE5550006F6E2D /* Release */ = {
			isa = XCBuildConfiguration;
			buildSettings = {
				ALWAYS_SEARCH_USER_PATHS = NO;
				CLANG_ANALYZER_NONNULL = YES;
				CLANG_ANALYZER_NUMBER_OBJECT_CONVERSION = YES_AGGRESSIVE;
				CLANG_CXX_LANGUAGE_STANDARD = "gnu++14";
				CLANG_CXX_LIBRARY = "libc++";
				CLANG_ENABLE_MODULES = YES;
				CLANG_ENABLE_OBJC_ARC = YES;
				CLANG_ENABLE_OBJC_WEAK = YES;
				CLANG_WARN_BLOCK_CAPTURE_AUTORELEASING = YES;
				CLANG_WARN_BOOL_CONVERSION = YES;
				CLANG_WARN_COMMA = YES;
				CLANG_WARN_CONSTANT_CONVERSION = YES;
				CLANG_WARN_DEPRECATED_OBJC_IMPLEMENTATIONS = YES;
				CLANG_WARN_DIRECT_OBJC_ISA_USAGE = YES_ERROR;
				CLANG_WARN_DOCUMENTATION_COMMENTS = YES;
				CLANG_WARN_EMPTY_BODY = YES;
				CLANG_WARN_ENUM_CONVERSION = YES;
				CLANG_WARN_INFINITE_RECURSION = YES;
				CLANG_WARN_INT_CONVERSION = YES;
				CLANG_WARN_NON_LITERAL_NULL_CONVERSION = YES;
				CLANG_WARN_OBJC_IMPLICIT_RETAIN_SELF = YES;
				CLANG_WARN_OBJC_LITERAL_CONVERSION = YES;
				CLANG_WARN_OBJC_ROOT_CLASS = YES_ERROR;
				CLANG_WARN_QUOTED_INCLUDE_IN_FRAMEWORK_HEADER = YES;
				CLANG_WARN_RANGE_LOOP_ANALYSIS = YES;
				CLANG_WARN_STRICT_PROTOTYPES = YES;
				CLANG_WARN_SUSPICIOUS_MOVE = YES;
				CLANG_WARN_UNGUARDED_AVAILABILITY = YES_AGGRESSIVE;
				CLANG_WARN_UNREACHABLE_CODE = YES;
				CLANG_WARN__DUPLICATE_METHOD_MATCH = YES;
				COPY_PHASE_STRIP = NO;
				DEBUG_INFORMATION_FORMAT = "dwarf-with-dsym";
				ENABLE_NS_ASSERTIONS = NO;
				ENABLE_STRICT_OBJC_MSGSEND = YES;
				GCC_C_LANGUAGE_STANDARD = gnu11;
				GCC_NO_COMMON_BLOCKS = YES;
				GCC_WARN_64_TO_32_BIT_CONVERSION = YES;
				GCC_WARN_ABOUT_RETURN_TYPE = YES_ERROR;
				GCC_WARN_UNDECLARED_SELECTOR = YES;
				GCC_WARN_UNINITIALIZED_AUTOS = YES_AGGRESSIVE;
				GCC_WARN_UNUSED_FUNCTION = YES;
				GCC_WARN_UNUSED_VARIABLE = YES;
				IPHONEOS_DEPLOYMENT_TARGET = 12.0;
				MTL_ENABLE_DEBUG_INFO = NO;
				MTL_FAST_MATH = YES;
				SDKROOT = iphoneos;
				SWIFT_COMPILATION_MODE = wholemodule;
				SWIFT_OPTIMIZATION_LEVEL = "-O";
				VALIDATE_PRODUCT = YES;
			};
			name = Release;
		};
		77A50B5326AE5550006F6E2D /* Debug */ = {
			isa = XCBuildConfiguration;
			baseConfigurationReference = 21C1576BB88FEA4B412D038F /* Pods-HXHSwiftHub.debug.xcconfig */;
			buildSettings = {
				ASSETCATALOG_COMPILER_APPICON_NAME = AppIcon;
				ASSETCATALOG_COMPILER_GLOBAL_ACCENT_COLOR_NAME = AccentColor;
				CLANG_ENABLE_MODULES = YES;
				CODE_SIGN_IDENTITY = "Apple Development";
				CODE_SIGN_STYLE = Automatic;
				DEVELOPMENT_TEAM = TW2G7WG3SD;
				INFOPLIST_FILE = HXHSwiftHub/Info.plist;
				LD_RUNPATH_SEARCH_PATHS = (
					"$(inherited)",
					"@executable_path/Frameworks",
				);
				PRODUCT_BUNDLE_IDENTIFIER = huangyu.HXHSwiftHub;
				PRODUCT_NAME = "$(TARGET_NAME)";
				PROVISIONING_PROFILE_SPECIFIER = "";
				SWIFT_OBJC_BRIDGING_HEADER = "HXHSwiftHub/Modules/OCTestRuntimeCode/HXHSwiftHub-Bridging-Header.h";
				SWIFT_OPTIMIZATION_LEVEL = "-Onone";
				SWIFT_VERSION = 5.0;
				TARGETED_DEVICE_FAMILY = "1,2";
			};
			name = Debug;
		};
		77A50B5426AE5550006F6E2D /* Release */ = {
			isa = XCBuildConfiguration;
			baseConfigurationReference = 230FED86589FAFB3A902022A /* Pods-HXHSwiftHub.release.xcconfig */;
			buildSettings = {
				ASSETCATALOG_COMPILER_APPICON_NAME = AppIcon;
				ASSETCATALOG_COMPILER_GLOBAL_ACCENT_COLOR_NAME = AccentColor;
				CLANG_ENABLE_MODULES = YES;
				CODE_SIGN_IDENTITY = "Apple Development";
				CODE_SIGN_STYLE = Automatic;
				DEVELOPMENT_TEAM = TW2G7WG3SD;
				INFOPLIST_FILE = HXHSwiftHub/Info.plist;
				LD_RUNPATH_SEARCH_PATHS = (
					"$(inherited)",
					"@executable_path/Frameworks",
				);
				PRODUCT_BUNDLE_IDENTIFIER = huangyu.HXHSwiftHub;
				PRODUCT_NAME = "$(TARGET_NAME)";
				PROVISIONING_PROFILE_SPECIFIER = "";
				SWIFT_OBJC_BRIDGING_HEADER = "HXHSwiftHub/Modules/OCTestRuntimeCode/HXHSwiftHub-Bridging-Header.h";
				SWIFT_VERSION = 5.0;
				TARGETED_DEVICE_FAMILY = "1,2";
			};
			name = Release;
		};
/* End XCBuildConfiguration section */

/* Begin XCConfigurationList section */
		77A50B3926AE554F006F6E2D /* Build configuration list for PBXProject "HXHSwiftHub" */ = {
			isa = XCConfigurationList;
			buildConfigurations = (
				77A50B5026AE5550006F6E2D /* Debug */,
				77A50B5126AE5550006F6E2D /* Release */,
			);
			defaultConfigurationIsVisible = 0;
			defaultConfigurationName = Release;
		};
		77A50B5226AE5550006F6E2D /* Build configuration list for PBXNativeTarget "HXHSwiftHub" */ = {
			isa = XCConfigurationList;
			buildConfigurations = (
				77A50B5326AE5550006F6E2D /* Debug */,
				77A50B5426AE5550006F6E2D /* Release */,
			);
			defaultConfigurationIsVisible = 0;
			defaultConfigurationName = Release;
		};
/* End XCConfigurationList section */
	};
	rootObject = 77A50B3626AE554F006F6E2D /* Project object */;
}
